
Microsoft Visual Studio Solution File, Format Version 12.00
# Visual Studio Version 17
VisualStudioVersion = 17.7.34024.191
MinimumVisualStudioVersion = 10.0.40219.1
Project("{FAE04EC0-301F-11D3-BF4B-00C04F79EFBC}") = "Project_2_CS_4500", "Project_2_CS_4500\Project_2_CS_4500.csproj", "{F5E31FD3-031D-4EFA-B4C5-8E72589316CE}"
EndProject
Global
	GlobalSection(SolutionConfigurationPlatforms) = preSolution
		Debug|Any CPU = Debug|Any CPU
		Release|Any CPU = Release|Any CPU
	EndGlobalSection
	GlobalSection(ProjectConfigurationPlatforms) = postSolution
		{F5E31FD3-031D-4EFA-B4C5-8E72589316CE}.Debug|Any CPU.ActiveCfg = Debug|Any CPU
		{F5E31FD3-031D-4EFA-B4C5-8E72589316CE}.Debug|Any CPU.Build.0 = Debug|Any CPU
		{F5E31FD3-031D-4EFA-B4C5-8E72589316CE}.Release|Any CPU.ActiveCfg = Release|Any CPU
		{F5E31FD3-031D-4EFA-B4C5-8E72589316CE}.Release|Any CPU.Build.0 = Release|Any CPU
	EndGlobalSection
	GlobalSection(SolutionProperties) = preSolution
		HideSolutionNode = FALSE
	EndGlobalSection
	GlobalSection(ExtensibilityGlobals) = postSolution
		SolutionGuid = {5E3EACB5-C214-4BDA-8548-406B0988E183}
	EndGlobalSection
EndGlobal
